PODS:
  - Alamofire (5.4.1)
  - IQKeyboardManagerSwift (6.2.1)
  - Moya (14.0.0):
    - Moya/Core (= 14.0.0)
  - Moya/Core (14.0.0):
    - Alamofire (~> 5.0)
  - RxCocoa (6.5.0):
    - RxRelay (= 6.5.0)
    - RxSwift (= 6.5.0)
  - RxRelay (6.5.0):
    - RxSwift (= 6.5.0)
  - RxSwift (6.5.0)

DEPENDENCIES:
  - IQKeyboardManagerSwift (= 6.2.1)
  - Moya
  - RxCocoa
  - RxSwift

SPEC REPOS:
  trunk:
    - Alamofire
    - IQKeyboardManagerSwift
    - Moya
    - RxCocoa
    - RxRelay
    - RxSwift

SPEC CHECKSUMS:
  Alamofire: 2291f7d21ca607c491dd17642e5d40fdcda0e65c
  IQKeyboardManagerSwift: 0f0ae8935360b4003e6ea1ac7c19898f01e2f7c7
  Moya: 5b45dacb75adb009f97fde91c204c1e565d31916
  RxCocoa: 94f817b71c07517321eb4f9ad299112ca8af743b
  RxRelay: 1de1523e604c72b6c68feadedd1af3b1b4d0ecbd
  RxSwift: 5710a9e6b17f3c3d6e40d6e559b9fa1e813b2ef8

PODFILE CHECKSUM: 2fbc186ea24b4301d8d9d2c096da0adb8e4f8393

COCOAPODS: 1.10.0
